
Microsoft Visual Studio Solution File, Format Version 12.00
# Visual Studio Version 16
VisualStudioVersion = 16.0.31515.178
MinimumVisualStudioVersion = 10.0.40219.1
Project("{FAE04EC0-301F-11D3-BF4B-00C04F79EFBC}") = "SungSiKyung", "SungSiKyung.csproj", "{2574490B-975A-4C63-8C21-8658FA7B675D}"
EndProject
Global
	GlobalSection(SolutionConfigurationPlatforms) = preSolution
		Debug|Any CPU = Debug|Any CPU
		Release|Any CPU = Release|Any CPU
	EndGlobalSection
	GlobalSection(ProjectConfigurationPlatforms) = postSolution
		{2574490B-975A-4C63-8C21-8658FA7B675D}.Debug|Any CPU.ActiveCfg = Debug|Any CPU
		{2574490B-975A-4C63-8C21-8658FA7B675D}.Debug|Any CPU.Build.0 = Debug|Any CPU
		{2574490B-975A-4C63-8C21-8658FA7B675D}.Release|Any CPU.ActiveCfg = Release|Any CPU
		{2574490B-975A-4C63-8C21-8658FA7B675D}.Release|Any CPU.Build.0 = Release|Any CPU
	EndGlobalSection
	GlobalSection(SolutionProperties) = preSolution
		HideSolutionNode = FALSE
	EndGlobalSection
	GlobalSection(ExtensibilityGlobals) = postSolution
		SolutionGuid = {4CA2915D-7A53-4BCA-A651-1C766F05E5ED}
	EndGlobalSection
EndGlobal
